
Microsoft Visual Studio Solution File, Format Version 12.00
# Visual Studio Version 17
VisualStudioVersion = 17.8.34330.188
MinimumVisualStudioVersion = 10.0.40219.1
Project("{FAE04EC0-301F-11D3-BF4B-00C04F79EFBC}") = "WebApplicationMVC.PL", "WebApplicationMVC.PL\WebApplicationMVC.PL.csproj", "{1E9CAB03-0A28-4791-A0E1-712F1AC4D75F}"
EndProject
Project("{FAE04EC0-301F-11D3-BF4B-00C04F79EFBC}") = "WebApplicationMVC.DAL", "WebApplicationMVC.DAL\WebApplicationMVC.DAL.csproj", "{768E6821-CF3A-4645-A65E-49E59CDF2B03}"
EndProject
Project("{FAE04EC0-301F-11D3-BF4B-00C04F79EFBC}") = "WebApplicationMVC.BLL", "WebApplicationMVC.BLL\WebApplicationMVC.BLL.csproj", "{30BCE5BD-E529-4EBA-8C2C-A6D761A41AA3}"
EndProject
Global
	GlobalSection(SolutionConfigurationPlatforms) = preSolution
		Debug|Any CPU = Debug|Any CPU
		Release|Any CPU = Release|Any CPU
	EndGlobalSection
	GlobalSection(ProjectConfigurationPlatforms) = postSolution
		{1E9CAB03-0A28-4791-A0E1-712F1AC4D75F}.Debug|Any CPU.ActiveCfg = Debug|Any CPU
		{1E9CAB03-0A28-4791-A0E1-712F1AC4D75F}.Debug|Any CPU.Build.0 = Debug|Any CPU
		{1E9CAB03-0A28-4791-A0E1-712F1AC4D75F}.Release|Any CPU.ActiveCfg = Release|Any CPU
		{1E9CAB03-0A28-4791-A0E1-712F1AC4D75F}.Release|Any CPU.Build.0 = Release|Any CPU
		{768E6821-CF3A-4645-A65E-49E59CDF2B03}.Debug|Any CPU.ActiveCfg = Debug|Any CPU
		{768E6821-CF3A-4645-A65E-49E59CDF2B03}.Debug|Any CPU.Build.0 = Debug|Any CPU
		{768E6821-CF3A-4645-A65E-49E59CDF2B03}.Release|Any CPU.ActiveCfg = Release|Any CPU
		{768E6821-CF3A-4645-A65E-49E59CDF2B03}.Release|Any CPU.Build.0 = Release|Any CPU
		{30BCE5BD-E529-4EBA-8C2C-A6D761A41AA3}.Debug|Any CPU.ActiveCfg = Debug|Any CPU
		{30BCE5BD-E529-4EBA-8C2C-A6D761A41AA3}.Debug|Any CPU.Build.0 = Debug|Any CPU
		{30BCE5BD-E529-4EBA-8C2C-A6D761A41AA3}.Release|Any CPU.ActiveCfg = Release|Any CPU
		{30BCE5BD-E529-4EBA-8C2C-A6D761A41AA3}.Release|Any CPU.Build.0 = Release|Any CPU
	EndGlobalSection
	GlobalSection(SolutionProperties) = preSolution
		HideSolutionNode = FALSE
	EndGlobalSection
	GlobalSection(ExtensibilityGlobals) = postSolution
		SolutionGuid = {E93B4D70-E0FF-41CB-AE51-AFD67CCCE97E}
	EndGlobalSection
EndGlobal
